
Microsoft Visual Studio Solution File, Format Version 12.00
# Visual Studio Version 16
VisualStudioVersion = 16.0.29411.108
MinimumVisualStudioVersion = 10.0.40219.1
Project("{8BC9CEB8-8B4A-11D0-8D11-00A0C91BC942}") = "NullNode", "NullNode\NullNode.vcxproj", "{B0AF64DE-43E7-42A1-A9BE-00CD1AFDF5E9}"
EndProject
Global
	GlobalSection(SolutionConfigurationPlatforms) = preSolution
		Debug|x64 = Debug|x64
		Debug|x86 = Debug|x86
		Release|x64 = Release|x64
		Release|x86 = Release|x86
	EndGlobalSection
	GlobalSection(ProjectConfigurationPlatforms) = postSolution
		{B0AF64DE-43E7-42A1-A9BE-00CD1AFDF5E9}.Debug|x64.ActiveCfg = Debug|x64
		{B0AF64DE-43E7-42A1-A9BE-00CD1AFDF5E9}.Debug|x64.Build.0 = Debug|x64
		{B0AF64DE-43E7-42A1-A9BE-00CD1AFDF5E9}.Debug|x86.ActiveCfg = Debug|Win32
		{B0AF64DE-43E7-42A1-A9BE-00CD1AFDF5E9}.Debug|x86.Build.0 = Debug|Win32
		{B0AF64DE-43E7-42A1-A9BE-00CD1AFDF5E9}.Release|x64.ActiveCfg = Release|x64
		{B0AF64DE-43E7-42A1-A9BE-00CD1AFDF5E9}.Release|x64.Build.0 = Release|x64
		{B0AF64DE-43E7-42A1-A9BE-00CD1AFDF5E9}.Release|x86.ActiveCfg = Release|Win32
		{B0AF64DE-43E7-42A1-A9BE-00CD1AFDF5E9}.Release|x86.Build.0 = Release|Win32
	EndGlobalSection
	GlobalSection(SolutionProperties) = preSolution
		HideSolutionNode = FALSE
	EndGlobalSection
	GlobalSection(ExtensibilityGlobals) = postSolution
		SolutionGuid = {A0B79BA2-B216-4CDF-BB91-60D38019E88E}
	EndGlobalSection
EndGlobal
